
Microsoft Visual Studio Solution File, Format Version 12.00
# Visual Studio Version 16
VisualStudioVersion = 16.0.31320.298
MinimumVisualStudioVersion = 10.0.40219.1
Project("{9A19103F-16F7-4668-BE54-9A1E7A4F7556}") = "mc_pi_csharp", "mc_pi_csharp.csproj", "{A736D446-8FFC-473F-9C7B-AEAB640F0F0D}"
EndProject
Project("{8BC9CEB8-8B4A-11D0-8D11-00A0C91BC942}") = "Dll1", "..\Dll1\Dll1.vcxproj", "{0158D25D-38B9-4A48-A15D-C4EAA53A4C24}"
EndProject
Project("{8BC9CEB8-8B4A-11D0-8D11-00A0C91BC942}") = "UnmanagedCppConsole", "..\UnmanagedCppConsole\UnmanagedCppConsole.vcxproj", "{83FDFA37-5806-4351-874C-646734E7A5FA}"
EndProject
Project("{FAE04EC0-301F-11D3-BF4B-00C04F79EFBC}") = "mc_pi_csharp_df", "..\mc_pi_csharp_df\mc_pi_csharp_df.csproj", "{2E5A009D-4ADD-4CA2-B02C-02A9FD0179E3}"
EndProject
Global
	GlobalSection(SolutionConfigurationPlatforms) = preSolution
		Debug|Any CPU = Debug|Any CPU
		Debug|x64 = Debug|x64
		Debug|x86 = Debug|x86
		Release|Any CPU = Release|Any CPU
		Release|x64 = Release|x64
		Release|x86 = Release|x86
	EndGlobalSection
	GlobalSection(ProjectConfigurationPlatforms) = postSolution
		{A736D446-8FFC-473F-9C7B-AEAB640F0F0D}.Debug|Any CPU.ActiveCfg = Debug|Any CPU
		{A736D446-8FFC-473F-9C7B-AEAB640F0F0D}.Debug|Any CPU.Build.0 = Debug|Any CPU
		{A736D446-8FFC-473F-9C7B-AEAB640F0F0D}.Debug|x64.ActiveCfg = Debug|x64
		{A736D446-8FFC-473F-9C7B-AEAB640F0F0D}.Debug|x64.Build.0 = Debug|x64
		{A736D446-8FFC-473F-9C7B-AEAB640F0F0D}.Debug|x86.ActiveCfg = Debug|Any CPU
		{A736D446-8FFC-473F-9C7B-AEAB640F0F0D}.Debug|x86.Build.0 = Debug|Any CPU
		{A736D446-8FFC-473F-9C7B-AEAB640F0F0D}.Release|Any CPU.ActiveCfg = Release|Any CPU
		{A736D446-8FFC-473F-9C7B-AEAB640F0F0D}.Release|Any CPU.Build.0 = Release|Any CPU
		{A736D446-8FFC-473F-9C7B-AEAB640F0F0D}.Release|x64.ActiveCfg = Release|x64
		{A736D446-8FFC-473F-9C7B-AEAB640F0F0D}.Release|x64.Build.0 = Release|x64
		{A736D446-8FFC-473F-9C7B-AEAB640F0F0D}.Release|x86.ActiveCfg = Release|Any CPU
		{A736D446-8FFC-473F-9C7B-AEAB640F0F0D}.Release|x86.Build.0 = Release|Any CPU
		{0158D25D-38B9-4A48-A15D-C4EAA53A4C24}.Debug|Any CPU.ActiveCfg = Debug|Win32
		{0158D25D-38B9-4A48-A15D-C4EAA53A4C24}.Debug|x64.ActiveCfg = Debug|x64
		{0158D25D-38B9-4A48-A15D-C4EAA53A4C24}.Debug|x64.Build.0 = Debug|x64
		{0158D25D-38B9-4A48-A15D-C4EAA53A4C24}.Debug|x86.ActiveCfg = Debug|Win32
		{0158D25D-38B9-4A48-A15D-C4EAA53A4C24}.Debug|x86.Build.0 = Debug|Win32
		{0158D25D-38B9-4A48-A15D-C4EAA53A4C24}.Release|Any CPU.ActiveCfg = Release|Win32
		{0158D25D-38B9-4A48-A15D-C4EAA53A4C24}.Release|x64.ActiveCfg = Release|x64
		{0158D25D-38B9-4A48-A15D-C4EAA53A4C24}.Release|x64.Build.0 = Release|x64
		{0158D25D-38B9-4A48-A15D-C4EAA53A4C24}.Release|x86.ActiveCfg = Release|Win32
		{0158D25D-38B9-4A48-A15D-C4EAA53A4C24}.Release|x86.Build.0 = Release|Win32
		{83FDFA37-5806-4351-874C-646734E7A5FA}.Debug|Any CPU.ActiveCfg = Debug|Win32
		{83FDFA37-5806-4351-874C-646734E7A5FA}.Debug|x64.ActiveCfg = Debug|x64
		{83FDFA37-5806-4351-874C-646734E7A5FA}.Debug|x64.Build.0 = Debug|x64
		{83FDFA37-5806-4351-874C-646734E7A5FA}.Debug|x86.ActiveCfg = Debug|Win32
		{83FDFA37-5806-4351-874C-646734E7A5FA}.Debug|x86.Build.0 = Debug|Win32
		{83FDFA37-5806-4351-874C-646734E7A5FA}.Release|Any CPU.ActiveCfg = Release|Win32
		{83FDFA37-5806-4351-874C-646734E7A5FA}.Release|x64.ActiveCfg = Release|x64
		{83FDFA37-5806-4351-874C-646734E7A5FA}.Release|x64.Build.0 = Release|x64
		{83FDFA37-5806-4351-874C-646734E7A5FA}.Release|x86.ActiveCfg = Release|Win32
		{83FDFA37-5806-4351-874C-646734E7A5FA}.Release|x86.Build.0 = Release|Win32
		{2E5A009D-4ADD-4CA2-B02C-02A9FD0179E3}.Debug|Any CPU.ActiveCfg = Debug|Any CPU
		{2E5A009D-4ADD-4CA2-B02C-02A9FD0179E3}.Debug|Any CPU.Build.0 = Debug|Any CPU
		{2E5A009D-4ADD-4CA2-B02C-02A9FD0179E3}.Debug|x64.ActiveCfg = Debug|Any CPU
		{2E5A009D-4ADD-4CA2-B02C-02A9FD0179E3}.Debug|x64.Build.0 = Debug|Any CPU
		{2E5A009D-4ADD-4CA2-B02C-02A9FD0179E3}.Debug|x86.ActiveCfg = Debug|Any CPU
		{2E5A009D-4ADD-4CA2-B02C-02A9FD0179E3}.Debug|x86.Build.0 = Debug|Any CPU
		{2E5A009D-4ADD-4CA2-B02C-02A9FD0179E3}.Release|Any CPU.ActiveCfg = Release|Any CPU
		{2E5A009D-4ADD-4CA2-B02C-02A9FD0179E3}.Release|Any CPU.Build.0 = Release|Any CPU
		{2E5A009D-4ADD-4CA2-B02C-02A9FD0179E3}.Release|x64.ActiveCfg = Release|Any CPU
		{2E5A009D-4ADD-4CA2-B02C-02A9FD0179E3}.Release|x64.Build.0 = Release|Any CPU
		{2E5A009D-4ADD-4CA2-B02C-02A9FD0179E3}.Release|x86.ActiveCfg = Release|Any CPU
		{2E5A009D-4ADD-4CA2-B02C-02A9FD0179E3}.Release|x86.Build.0 = Release|Any CPU
	EndGlobalSection
	GlobalSection(SolutionProperties) = preSolution
		HideSolutionNode = FALSE
	EndGlobalSection
	GlobalSection(ExtensibilityGlobals) = postSolution
		SolutionGuid = {0395811E-B39C-45B3-96C2-00AE8AA5B6C1}
	EndGlobalSection
EndGlobal
